
Microsoft Visual Studio Solution File, Format Version 12.00
# Visual Studio Version 16
VisualStudioVersion = 16.0.29326.143
MinimumVisualStudioVersion = 10.0.40219.1
Project("{8BC9CEB8-8B4A-11D0-8D11-00A0C91BC942}") = "prinEcu2Grado", "prinEcu2Grado\prinEcu2Grado.vcxproj", "{6D9E847B-D359-447A-8D6F-402409AF3179}"
EndProject
Global
	GlobalSection(SolutionConfigurationPlatforms) = preSolution
		Debug|x64 = Debug|x64
		Debug|x86 = Debug|x86
		Release|x64 = Release|x64
		Release|x86 = Release|x86
	EndGlobalSection
	GlobalSection(ProjectConfigurationPlatforms) = postSolution
		{6D9E847B-D359-447A-8D6F-402409AF3179}.Debug|x64.ActiveCfg = Debug|x64
		{6D9E847B-D359-447A-8D6F-402409AF3179}.Debug|x64.Build.0 = Debug|x64
		{6D9E847B-D359-447A-8D6F-402409AF3179}.Debug|x86.ActiveCfg = Debug|Win32
		{6D9E847B-D359-447A-8D6F-402409AF3179}.Debug|x86.Build.0 = Debug|Win32
		{6D9E847B-D359-447A-8D6F-402409AF3179}.Release|x64.ActiveCfg = Release|x64
		{6D9E847B-D359-447A-8D6F-402409AF3179}.Release|x64.Build.0 = Release|x64
		{6D9E847B-D359-447A-8D6F-402409AF3179}.Release|x86.ActiveCfg = Release|Win32
		{6D9E847B-D359-447A-8D6F-402409AF3179}.Release|x86.Build.0 = Release|Win32
	EndGlobalSection
	GlobalSection(SolutionProperties) = preSolution
		HideSolutionNode = FALSE
	EndGlobalSection
	GlobalSection(ExtensibilityGlobals) = postSolution
		SolutionGuid = {29BDCC0C-1BD6-476C-8C70-4E1F6EAF03D0}
	EndGlobalSection
EndGlobal
